PODS:
  - Baidu-Maps-iOS-SDK (2.6.0)
  - CocoaLumberjack (2.0.0):
    - CocoaLumberjack/Default (= 2.0.0)
    - CocoaLumberjack/Extensions (= 2.0.0)
  - CocoaLumberjack/Core (2.0.0)
  - CocoaLumberjack/Default (2.0.0):
    - CocoaLumberjack/Core
  - CocoaLumberjack/Extensions (2.0.0):
    - CocoaLumberjack/Default
  - DZCache (1.0.8):
    - DZCDNFiles
    - DZGeometryTools
    - DZSinglonFactory
  - DZCDNFiles (1.0.1):
    - DZSinglonFactory
  - DZGeometryTools (1.0.5)
  - DZProgrameDefines (1.0.0)
  - DZQQLib (2.8.1)
  - DZSinglonFactory (1.0.2)
  - DZWeChatLib (1.5.0)
  - Haneke (1.0.1)
  - HexColors (2.2.1)
  - JSONModel (1.0.2)
  - LTNavigationBar (2.0.1)
  - MagicalRecord (2.2):
    - MagicalRecord/Core (= 2.2)
  - MagicalRecord/Core (2.2)
  - Mantle (2.0):
    - Mantle/extobjc (= 2.0)
  - Mantle/extobjc (2.0)
  - Masonry (0.6.1)
  - NSString-UrlEncode (2.0.0)
  - ProtobufObjC (0.0.1)
  - SAAuth (0.1.1):
    - DZQQLib
    - DZWeChatLib
    - JSONModel

DEPENDENCIES:
  - Baidu-Maps-iOS-SDK
  - CocoaLumberjack
  - DZCache
  - DZGeometryTools
  - DZProgrameDefines
  - DZSinglonFactory
  - Haneke (~> 1.0)
  - HexColors
  - LTNavigationBar
  - MagicalRecord
  - Mantle
  - Masonry
  - NSString-UrlEncode
  - ProtobufObjC
  - SAAuth

SPEC CHECKSUMS:
  Baidu-Maps-iOS-SDK: 260447c2270b44470d7c0d49a7f1a154b4703973
  CocoaLumberjack: a6f77d987d65dc7ba86b0f84db7d0b9084f77bcb
  DZCache: 33bf5a410bc942f7cb37b41c4f5207604d67ef4f
  DZCDNFiles: 4e5d9d3facb81dc783ecda98efc759ee06e5961b
  DZGeometryTools: 041db19a4edc67c993b5bae16fdaf7a7b5ff9900
  DZProgrameDefines: 83b3d377ff16bd59554187600944424878629276
  DZQQLib: 3419d72f780ee1a116d26ae57ca4639185a0f4e1
  DZSinglonFactory: 2b43251e9dcb1053c79a7c776dff5bbe0dea602b
  DZWeChatLib: 9bcf116f483a7d50ae24c7016f187676fab0e2c2
  Haneke: d60be8b96b228633b24708dd153169d6849d6f78
  HexColors: abfd172e329dab59888614ccba6f216cec59289d
  JSONModel: 6ffcb4ffa3659c9e9a2e5d45d6c7705bab187c03
  LTNavigationBar: 6cfc0d3628e925d519130018a15c296cefaf0db3
  MagicalRecord: f8a56bb87ab6552f20c4bb8681a1958a197ea3cd
  Mantle: 17de73ef929db2234d76fde2aacfb89ab11c61e8
  Masonry: 4972309f2f134de9dd312f4dc4a21359b50e6caa
  NSString-UrlEncode: d26eb4378531911d54694733143dd493c1571f5c
  ProtobufObjC: 2e2e5a9d39a3261db9e51f4b90301f17844b08d5
  SAAuth: a82b0b90bd867e9193300cbc8df759e395855e83

COCOAPODS: 0.35.0.rc2
