PODS:
  - CocoaLumberjack (2.0.1):
    - CocoaLumberjack/Default (= 2.0.1)
    - CocoaLumberjack/Extensions (= 2.0.1)
  - CocoaLumberjack/Core (2.0.1)
  - CocoaLumberjack/Default (2.0.1):
    - CocoaLumberjack/Core
  - CocoaLumberjack/Extensions (2.0.1):
    - CocoaLumberjack/Default
  - DateTools (1.6.1)
  - DZCache (1.0.9):
    - DZCDNFiles
    - DZGeometryTools
    - DZSinglonFactory
  - DZCDNFiles (1.0.1):
    - DZSinglonFactory
  - DZGeometryTools (1.0.9)
  - DZProgrameDefines (1.0.1)
  - DZQQLib (2.8.1)
  - DZSinglonFactory (1.0.2)
  - DZSwipeViewController (0.2.0):
    - DZGeometryTools
  - DZWeChatLib (1.5.0)
  - FXBlurView (1.6.3)
  - Haneke (1.0.1)
  - HexColors (2.2.1)
  - InAppSettingsKit (2.6)
  - JSBadgeView (1.4.1)
  - JSONModel (1.1.0)
  - libextobjc (0.4.1):
    - libextobjc/EXTADT (= 0.4.1)
    - libextobjc/EXTConcreteProtocol (= 0.4.1)
    - libextobjc/EXTKeyPathCoding (= 0.4.1)
    - libextobjc/EXTNil (= 0.4.1)
    - libextobjc/EXTSafeCategory (= 0.4.1)
    - libextobjc/EXTScope (= 0.4.1)
    - libextobjc/EXTSelectorChecking (= 0.4.1)
    - libextobjc/EXTSynthesize (= 0.4.1)
    - libextobjc/NSInvocation+EXT (= 0.4.1)
    - libextobjc/NSMethodSignature+EXT (= 0.4.1)
    - libextobjc/RuntimeExtensions (= 0.4.1)
    - libextobjc/UmbrellaHeader (= 0.4.1)
  - libextobjc/EXTADT (0.4.1):
    - libextobjc/RuntimeExtensions
  - libextobjc/EXTConcreteProtocol (0.4.1):
    - libextobjc/RuntimeExtensions
  - libextobjc/EXTKeyPathCoding (0.4.1):
    - libextobjc/RuntimeExtensions
  - libextobjc/EXTNil (0.4.1):
    - libextobjc/RuntimeExtensions
  - libextobjc/EXTSafeCategory (0.4.1):
    - libextobjc/RuntimeExtensions
  - libextobjc/EXTScope (0.4.1):
    - libextobjc/RuntimeExtensions
  - libextobjc/EXTSelectorChecking (0.4.1):
    - libextobjc/RuntimeExtensions
  - libextobjc/EXTSynthesize (0.4.1):
    - libextobjc/RuntimeExtensions
  - libextobjc/NSInvocation+EXT (0.4.1):
    - libextobjc/RuntimeExtensions
  - libextobjc/NSMethodSignature+EXT (0.4.1):
    - libextobjc/RuntimeExtensions
  - libextobjc/RuntimeExtensions (0.4.1)
  - libextobjc/UmbrellaHeader (0.4.1)
  - LMDropdownView (1.0.0)
  - MagicalRecord (2.3.0)
  - Mantle (2.0.2):
    - Mantle/extobjc (= 2.0.2)
  - Mantle/extobjc (2.0.2)
  - Masonry (0.6.1)
  - MJRefresh (2.2.0)
  - NSString-UrlEncode (2.0.0)
  - ProtobufObjC (0.0.1)
  - RKNotificationHub (2.0.0)
  - SAAuth (0.1.1):
    - DZQQLib
    - DZWeChatLib
    - JSONModel
  - SlackTextViewController (1.5.2)
  - SVProgressHUD (1.1.3)
  - SZTextView (1.2.1)

DEPENDENCIES:
  - CocoaLumberjack
  - DateTools
  - DZCache
  - DZGeometryTools
  - DZProgrameDefines
  - DZSinglonFactory
  - DZSwipeViewController
  - FXBlurView
  - Haneke (~> 1.0)
  - HexColors
  - InAppSettingsKit
  - JSBadgeView
  - libextobjc
  - LMDropdownView
  - MagicalRecord
  - Mantle
  - Masonry
  - MJRefresh
  - NSString-UrlEncode
  - ProtobufObjC
  - RKNotificationHub
  - SAAuth
  - SlackTextViewController
  - SVProgressHUD
  - SZTextView

SPEC CHECKSUMS:
  CocoaLumberjack: 019d1361244274a6138c788c6cb80baabc13fb8f
  DateTools: 9bcc89e4f2f9004d8a7a2bd1b49269cf78968e65
  DZCache: 4e4c8470c077a84d5fc25e2d8b1337f110fbf9a6
  DZCDNFiles: 4e5d9d3facb81dc783ecda98efc759ee06e5961b
  DZGeometryTools: 6a875726d83ae18d5ff593b4cb02af11f947b86c
  DZProgrameDefines: 623dfe81da225994cbba6f1d9ba982d7f5e7f2a5
  DZQQLib: 3419d72f780ee1a116d26ae57ca4639185a0f4e1
  DZSinglonFactory: 2b43251e9dcb1053c79a7c776dff5bbe0dea602b
  DZSwipeViewController: de05b0244549d20ee24aeb87c68d20dcae7d3432
  DZWeChatLib: 9bcf116f483a7d50ae24c7016f187676fab0e2c2
  FXBlurView: c6d23f3d35af2c6282296a2930f61c6e2c788d01
  Haneke: d60be8b96b228633b24708dd153169d6849d6f78
  HexColors: abfd172e329dab59888614ccba6f216cec59289d
  InAppSettingsKit: cc56d3ec45f11352a16d5b210da8a3fa1b9d05ed
  JSBadgeView: 3861ddee41094284d9468e6d0af5107f703aaac5
  JSONModel: ec77e9865236a7a09d9cf7668df6b4b328d9ec1d
  libextobjc: a650fc1bf489a3d3a9bc2e621efa3e1006fc5471
  LMDropdownView: 1c3c389bf542a54ff8a3d6f1eb92a534c5712b60
  MagicalRecord: 89eb7d7ead39fb37f01c3d010665ee94d17f8dba
  Mantle: 967fd31ea0220890b2e76589198996b534bb3fb1
  Masonry: 4972309f2f134de9dd312f4dc4a21359b50e6caa
  MJRefresh: 65a2bf14abb6feeaed8696aa1551f70e15ab0a08
  NSString-UrlEncode: d26eb4378531911d54694733143dd493c1571f5c
  ProtobufObjC: 2e2e5a9d39a3261db9e51f4b90301f17844b08d5
  RKNotificationHub: 4aa3f0579c90caf96c4c0d7ab8e3f5ef5ad90b87
  SAAuth: a82b0b90bd867e9193300cbc8df759e395855e83
  SlackTextViewController: ab240cda4c7fe1f70f6c6cf64578f3fea495ce99
  SVProgressHUD: 748080e4f36e603f6c02aec292664239df5279c1
  SZTextView: 906df45afd3c1b24fc5252088d5ef8061513c238

COCOAPODS: 0.37.2
