// !$*UTF8*$!
{
	archiveVersion = 1;
	classes = {
	};
	objectVersion = 46;
	objects = {

/* Begin PBXBuildFile section */
		0B4C9A237264EFE02FF51C91 /* libPods-LuTu.a in Frameworks */ = {isa = PBXBuildFile; fileRef = 181D07AF18EA69C166263FAB /* libPods-LuTu.a */; };
		652FB9111AD23DF50082894E /* libc++.dylib in Frameworks */ = {isa = PBXBuildFile; fileRef = 652FB9101AD23DF50082894E /* libc++.dylib */; };
		652FB9231AD23EB60082894E /* MSRequest.m in Sources */ = {isa = PBXBuildFile; fileRef = 652FB9141AD23EB60082894E /* MSRequest.m */; };
		652FB9241AD23EB60082894E /* MSRouter.m in Sources */ = {isa = PBXBuildFile; fileRef = 652FB9161AD23EB60082894E /* MSRouter.m */; };
		652FB9251AD23EB60082894E /* MSToken.m in Sources */ = {isa = PBXBuildFile; fileRef = 652FB9181AD23EB60082894E /* MSToken.m */; };
		652FB9261AD23EB60082894E /* MSTokenManager.m in Sources */ = {isa = PBXBuildFile; fileRef = 652FB91A1AD23EB60082894E /* MSTokenManager.m */; };
		652FB9271AD23EB60082894E /* MSVerifyAuthorRequest.m in Sources */ = {isa = PBXBuildFile; fileRef = 652FB91C1AD23EB60082894E /* MSVerifyAuthorRequest.m */; };
		652FB9281AD23EB60082894E /* MSRequestOperation.m in Sources */ = {isa = PBXBuildFile; fileRef = 652FB9201AD23EB60082894E /* MSRequestOperation.m */; };
		652FB9291AD23EB60082894E /* MSSyncCenter.m in Sources */ = {isa = PBXBuildFile; fileRef = 652FB9221AD23EB60082894E /* MSSyncCenter.m */; };
		652FB92F1AD23EF50082894E /* MSAccount.m in Sources */ = {isa = PBXBuildFile; fileRef = 652FB92C1AD23EF50082894E /* MSAccount.m */; };
		652FB9301AD23EF50082894E /* MSAccountManager.m in Sources */ = {isa = PBXBuildFile; fileRef = 652FB92E1AD23EF50082894E /* MSAccountManager.m */; };
		652FB9331AD23F730082894E /* MSLog.m in Sources */ = {isa = PBXBuildFile; fileRef = 652FB9321AD23F730082894E /* MSLog.m */; };
		652FB9371AD241030082894E /* LTError.m in Sources */ = {isa = PBXBuildFile; fileRef = 652FB9361AD241030082894E /* LTError.m */; };
		652FB93A1AD246B50082894E /* LTTokenReq.m in Sources */ = {isa = PBXBuildFile; fileRef = 652FB9391AD246B50082894E /* LTTokenReq.m */; };
		652FB93D1AD268CE0082894E /* LTCheckServiceReq.m in Sources */ = {isa = PBXBuildFile; fileRef = 652FB93C1AD268CE0082894E /* LTCheckServiceReq.m */; };
		652FB9411AD269E90082894E /* LTServiceStatusManager.m in Sources */ = {isa = PBXBuildFile; fileRef = 652FB9401AD269E90082894E /* LTServiceStatusManager.m */; };
		652FB9441AD26C870082894E /* MSRecommondRoadReq.m in Sources */ = {isa = PBXBuildFile; fileRef = 652FB9431AD26C870082894E /* MSRecommondRoadReq.m */; };
		652FB9471AD276520082894E /* LTGlobalViewController.m in Sources */ = {isa = PBXBuildFile; fileRef = 652FB9461AD276520082894E /* LTGlobalViewController.m */; };
		652FB94F1AD277500082894E /* LTMainViewController.m in Sources */ = {isa = PBXBuildFile; fileRef = 652FB94E1AD277500082894E /* LTMainViewController.m */; };
		652FB9521AD277650082894E /* LTMineViewController.m in Sources */ = {isa = PBXBuildFile; fileRef = 652FB9511AD277650082894E /* LTMineViewController.m */; };
		652FB9551AD277750082894E /* LTDiscoverViewController.m in Sources */ = {isa = PBXBuildFile; fileRef = 652FB9541AD277750082894E /* LTDiscoverViewController.m */; };
		652FB9581AD277A50082894E /* LTCarMeetViewController.m in Sources */ = {isa = PBXBuildFile; fileRef = 652FB9571AD277A50082894E /* LTCarMeetViewController.m */; };
		652FB95B1AD277D40082894E /* LTSelectedRoadViewController.m in Sources */ = {isa = PBXBuildFile; fileRef = 652FB95A1AD277D40082894E /* LTSelectedRoadViewController.m */; };
		652FB95E1AD279EA0082894E /* LTDataBase.m in Sources */ = {isa = PBXBuildFile; fileRef = 652FB95D1AD279EA0082894E /* LTDataBase.m */; };
		652FB9601AD27B460082894E /* CoreData.framework in Frameworks */ = {isa = PBXBuildFile; fileRef = 652FB95F1AD27B460082894E /* CoreData.framework */; };
		652FB9641AD27E860082894E /* LTAuthViewController.m in Sources */ = {isa = PBXBuildFile; fileRef = 652FB9631AD27E860082894E /* LTAuthViewController.m */; };
		652FB9681AD27EE80082894E /* LTBackgroundImageView.m in Sources */ = {isa = PBXBuildFile; fileRef = 652FB9671AD27EE80082894E /* LTBackgroundImageView.m */; };
		652FB96C1AD27FA60082894E /* LTAppearenceTools.m in Sources */ = {isa = PBXBuildFile; fileRef = 652FB96B1AD27FA60082894E /* LTAppearenceTools.m */; };
		652FB96F1AD27FBA0082894E /* LTColors.m in Sources */ = {isa = PBXBuildFile; fileRef = 652FB96E1AD27FBA0082894E /* LTColors.m */; };
		65D1F0701AC28B34006525D0 /* main.m in Sources */ = {isa = PBXBuildFile; fileRef = 65D1F06F1AC28B34006525D0 /* main.m */; };
		65D1F0731AC28B34006525D0 /* AppDelegate.m in Sources */ = {isa = PBXBuildFile; fileRef = 65D1F0721AC28B34006525D0 /* AppDelegate.m */; };
		65D1F07B1AC28B34006525D0 /* Images.xcassets in Resources */ = {isa = PBXBuildFile; fileRef = 65D1F07A1AC28B34006525D0 /* Images.xcassets */; };
		65D1F07E1AC28B34006525D0 /* LaunchScreen.xib in Resources */ = {isa = PBXBuildFile; fileRef = 65D1F07C1AC28B34006525D0 /* LaunchScreen.xib */; };
		65D1F08A1AC28B34006525D0 /* LuTuTests.m in Sources */ = {isa = PBXBuildFile; fileRef = 65D1F0891AC28B34006525D0 /* LuTuTests.m */; };
/* End PBXBuildFile section */

/* Begin PBXContainerItemProxy section */
		65D1F0841AC28B34006525D0 /* PBXContainerItemProxy */ = {
			isa = PBXContainerItemProxy;
			containerPortal = 65D1F0621AC28B34006525D0 /* Project object */;
			proxyType = 1;
			remoteGlobalIDString = 65D1F0691AC28B34006525D0;
			remoteInfo = LuTu;
		};
/* End PBXContainerItemProxy section */

/* Begin PBXFileReference section */
		181D07AF18EA69C166263FAB /* libPods-LuTu.a */ = {isa = PBXFileReference; explicitFileType = archive.ar; includeInIndex = 0; path = "libPods-LuTu.a"; sourceTree = BUILT_PRODUCTS_DIR; };
		652FB9101AD23DF50082894E /* libc++.dylib */ = {isa = PBXFileReference; lastKnownFileType = "compiled.mach-o.dylib"; name = "libc++.dylib"; path = "usr/lib/libc++.dylib"; sourceTree = SDKROOT; };
		652FB9131AD23EB60082894E /* MSRequest.h */ = {isa = PBXFileReference; fileEncoding = 4; lastKnownFileType = sourcecode.c.h; path = MSRequest.h; sourceTree = "<group>"; };
		652FB9141AD23EB60082894E /* MSRequest.m */ = {isa = PBXFileReference; fileEncoding = 4; lastKnownFileType = sourcecode.c.objc; path = MSRequest.m; sourceTree = "<group>"; };
		652FB9151AD23EB60082894E /* MSRouter.h */ = {isa = PBXFileReference; fileEncoding = 4; lastKnownFileType = sourcecode.c.h; path = MSRouter.h; sourceTree = "<group>"; };
		652FB9161AD23EB60082894E /* MSRouter.m */ = {isa = PBXFileReference; fileEncoding = 4; lastKnownFileType = sourcecode.c.objc; path = MSRouter.m; sourceTree = "<group>"; };
		652FB9171AD23EB60082894E /* MSToken.h */ = {isa = PBXFileReference; fileEncoding = 4; lastKnownFileType = sourcecode.c.h; path = MSToken.h; sourceTree = "<group>"; };
		652FB9181AD23EB60082894E /* MSToken.m */ = {isa = PBXFileReference; fileEncoding = 4; lastKnownFileType = sourcecode.c.objc; path = MSToken.m; sourceTree = "<group>"; };
		652FB9191AD23EB60082894E /* MSTokenManager.h */ = {isa = PBXFileReference; fileEncoding = 4; lastKnownFileType = sourcecode.c.h; path = MSTokenManager.h; sourceTree = "<group>"; };
		652FB91A1AD23EB60082894E /* MSTokenManager.m */ = {isa = PBXFileReference; fileEncoding = 4; lastKnownFileType = sourcecode.c.objc; path = MSTokenManager.m; sourceTree = "<group>"; };
		652FB91B1AD23EB60082894E /* MSVerifyAuthorRequest.h */ = {isa = PBXFileReference; fileEncoding = 4; lastKnownFileType = sourcecode.c.h; path = MSVerifyAuthorRequest.h; sourceTree = "<group>"; };
		652FB91C1AD23EB60082894E /* MSVerifyAuthorRequest.m */ = {isa = PBXFileReference; fileEncoding = 4; lastKnownFileType = sourcecode.c.objc; path = MSVerifyAuthorRequest.m; sourceTree = "<group>"; };
		652FB91F1AD23EB60082894E /* MSRequestOperation.h */ = {isa = PBXFileReference; fileEncoding = 4; lastKnownFileType = sourcecode.c.h; path = MSRequestOperation.h; sourceTree = "<group>"; };
		652FB9201AD23EB60082894E /* MSRequestOperation.m */ = {isa = PBXFileReference; fileEncoding = 4; lastKnownFileType = sourcecode.c.objc; path = MSRequestOperation.m; sourceTree = "<group>"; };
		652FB9211AD23EB60082894E /* MSSyncCenter.h */ = {isa = PBXFileReference; fileEncoding = 4; lastKnownFileType = sourcecode.c.h; path = MSSyncCenter.h; sourceTree = "<group>"; };
		652FB9221AD23EB60082894E /* MSSyncCenter.m */ = {isa = PBXFileReference; fileEncoding = 4; lastKnownFileType = sourcecode.c.objc; path = MSSyncCenter.m; sourceTree = "<group>"; };
		652FB92B1AD23EF50082894E /* MSAccount.h */ = {isa = PBXFileReference; fileEncoding = 4; lastKnownFileType = sourcecode.c.h; path = MSAccount.h; sourceTree = "<group>"; };
		652FB92C1AD23EF50082894E /* MSAccount.m */ = {isa = PBXFileReference; fileEncoding = 4; lastKnownFileType = sourcecode.c.objc; path = MSAccount.m; sourceTree = "<group>"; };
		652FB92D1AD23EF50082894E /* MSAccountManager.h */ = {isa = PBXFileReference; fileEncoding = 4; lastKnownFileType = sourcecode.c.h; path = MSAccountManager.h; sourceTree = "<group>"; };
		652FB92E1AD23EF50082894E /* MSAccountManager.m */ = {isa = PBXFileReference; fileEncoding = 4; lastKnownFileType = sourcecode.c.objc; path = MSAccountManager.m; sourceTree = "<group>"; };
		652FB9311AD23F730082894E /* MSLog.h */ = {isa = PBXFileReference; fileEncoding = 4; lastKnownFileType = sourcecode.c.h; path = MSLog.h; sourceTree = "<group>"; };
		652FB9321AD23F730082894E /* MSLog.m */ = {isa = PBXFileReference; fileEncoding = 4; lastKnownFileType = sourcecode.c.objc; path = MSLog.m; sourceTree = "<group>"; };
		652FB9351AD241030082894E /* LTError.h */ = {isa = PBXFileReference; fileEncoding = 4; lastKnownFileType = sourcecode.c.h; path = LTError.h; sourceTree = "<group>"; };
		652FB9361AD241030082894E /* LTError.m */ = {isa = PBXFileReference; fileEncoding = 4; lastKnownFileType = sourcecode.c.objc; path = LTError.m; sourceTree = "<group>"; };
		652FB9381AD246B50082894E /* LTTokenReq.h */ = {isa = PBXFileReference; fileEncoding = 4; lastKnownFileType = sourcecode.c.h; path = LTTokenReq.h; sourceTree = "<group>"; };
		652FB9391AD246B50082894E /* LTTokenReq.m */ = {isa = PBXFileReference; fileEncoding = 4; lastKnownFileType = sourcecode.c.objc; path = LTTokenReq.m; sourceTree = "<group>"; };
		652FB93B1AD268CE0082894E /* LTCheckServiceReq.h */ = {isa = PBXFileReference; fileEncoding = 4; lastKnownFileType = sourcecode.c.h; path = LTCheckServiceReq.h; sourceTree = "<group>"; };
		652FB93C1AD268CE0082894E /* LTCheckServiceReq.m */ = {isa = PBXFileReference; fileEncoding = 4; lastKnownFileType = sourcecode.c.objc; path = LTCheckServiceReq.m; sourceTree = "<group>"; };
		652FB93F1AD269E90082894E /* LTServiceStatusManager.h */ = {isa = PBXFileReference; fileEncoding = 4; lastKnownFileType = sourcecode.c.h; path = LTServiceStatusManager.h; sourceTree = "<group>"; };
		652FB9401AD269E90082894E /* LTServiceStatusManager.m */ = {isa = PBXFileReference; fileEncoding = 4; lastKnownFileType = sourcecode.c.objc; path = LTServiceStatusManager.m; sourceTree = "<group>"; };
		652FB9421AD26C870082894E /* MSRecommondRoadReq.h */ = {isa = PBXFileReference; fileEncoding = 4; lastKnownFileType = sourcecode.c.h; path = MSRecommondRoadReq.h; sourceTree = "<group>"; };
		652FB9431AD26C870082894E /* MSRecommondRoadReq.m */ = {isa = PBXFileReference; fileEncoding = 4; lastKnownFileType = sourcecode.c.objc; path = MSRecommondRoadReq.m; sourceTree = "<group>"; };
		652FB9451AD276520082894E /* LTGlobalViewController.h */ = {isa = PBXFileReference; fileEncoding = 4; lastKnownFileType = sourcecode.c.h; path = LTGlobalViewController.h; sourceTree = "<group>"; };
		652FB9461AD276520082894E /* LTGlobalViewController.m */ = {isa = PBXFileReference; fileEncoding = 4; lastKnownFileType = sourcecode.c.objc; path = LTGlobalViewController.m; sourceTree = "<group>"; };
		652FB94D1AD277500082894E /* LTMainViewController.h */ = {isa = PBXFileReference; fileEncoding = 4; lastKnownFileType = sourcecode.c.h; path = LTMainViewController.h; sourceTree = "<group>"; };
		652FB94E1AD277500082894E /* LTMainViewController.m */ = {isa = PBXFileReference; fileEncoding = 4; lastKnownFileType = sourcecode.c.objc; path = LTMainViewController.m; sourceTree = "<group>"; };
		652FB9501AD277650082894E /* LTMineViewController.h */ = {isa = PBXFileReference; fileEncoding = 4; lastKnownFileType = sourcecode.c.h; path = LTMineViewController.h; sourceTree = "<group>"; };
		652FB9511AD277650082894E /* LTMineViewController.m */ = {isa = PBXFileReference; fileEncoding = 4; lastKnownFileType = sourcecode.c.objc; path = LTMineViewController.m; sourceTree = "<group>"; };
		652FB9531AD277750082894E /* LTDiscoverViewController.h */ = {isa = PBXFileReference; fileEncoding = 4; lastKnownFileType = sourcecode.c.h; path = LTDiscoverViewController.h; sourceTree = "<group>"; };
		652FB9541AD277750082894E /* LTDiscoverViewController.m */ = {isa = PBXFileReference; fileEncoding = 4; lastKnownFileType = sourcecode.c.objc; path = LTDiscoverViewController.m; sourceTree = "<group>"; };
		652FB9561AD277A50082894E /* LTCarMeetViewController.h */ = {isa = PBXFileReference; fileEncoding = 4; lastKnownFileType = sourcecode.c.h; path = LTCarMeetViewController.h; sourceTree = "<group>"; };
		652FB9571AD277A50082894E /* LTCarMeetViewController.m */ = {isa = PBXFileReference; fileEncoding = 4; lastKnownFileType = sourcecode.c.objc; path = LTCarMeetViewController.m; sourceTree = "<group>"; };
		652FB9591AD277D40082894E /* LTSelectedRoadViewController.h */ = {isa = PBXFileReference; fileEncoding = 4; lastKnownFileType = sourcecode.c.h; path = LTSelectedRoadViewController.h; sourceTree = "<group>"; };
		652FB95A1AD277D40082894E /* LTSelectedRoadViewController.m */ = {isa = PBXFileReference; fileEncoding = 4; lastKnownFileType = sourcecode.c.objc; path = LTSelectedRoadViewController.m; sourceTree = "<group>"; };
		652FB95C1AD279EA0082894E /* LTDataBase.h */ = {isa = PBXFileReference; fileEncoding = 4; lastKnownFileType = sourcecode.c.h; path = LTDataBase.h; sourceTree = "<group>"; };
		652FB95D1AD279EA0082894E /* LTDataBase.m */ = {isa = PBXFileReference; fileEncoding = 4; lastKnownFileType = sourcecode.c.objc; path = LTDataBase.m; sourceTree = "<group>"; };
		652FB95F1AD27B460082894E /* CoreData.framework */ = {isa = PBXFileReference; lastKnownFileType = wrapper.framework; name = CoreData.framework; path = System/Library/Frameworks/CoreData.framework; sourceTree = SDKROOT; };
		652FB9621AD27E860082894E /* LTAuthViewController.h */ = {isa = PBXFileReference; fileEncoding = 4; lastKnownFileType = sourcecode.c.h; path = LTAuthViewController.h; sourceTree = "<group>"; };
		652FB9631AD27E860082894E /* LTAuthViewController.m */ = {isa = PBXFileReference; fileEncoding = 4; lastKnownFileType = sourcecode.c.objc; path = LTAuthViewController.m; sourceTree = "<group>"; };
		652FB9661AD27EE80082894E /* LTBackgroundImageView.h */ = {isa = PBXFileReference; fileEncoding = 4; lastKnownFileType = sourcecode.c.h; path = LTBackgroundImageView.h; sourceTree = "<group>"; };
		652FB9671AD27EE80082894E /* LTBackgroundImageView.m */ = {isa = PBXFileReference; fileEncoding = 4; lastKnownFileType = sourcecode.c.objc; path = LTBackgroundImageView.m; sourceTree = "<group>"; };
		652FB96A1AD27FA60082894E /* LTAppearenceTools.h */ = {isa = PBXFileReference; fileEncoding = 4; lastKnownFileType = sourcecode.c.h; path = LTAppearenceTools.h; sourceTree = "<group>"; };
		652FB96B1AD27FA60082894E /* LTAppearenceTools.m */ = {isa = PBXFileReference; fileEncoding = 4; lastKnownFileType = sourcecode.c.objc; path = LTAppearenceTools.m; sourceTree = "<group>"; };
		652FB96D1AD27FBA0082894E /* LTColors.h */ = {isa = PBXFileReference; fileEncoding = 4; lastKnownFileType = sourcecode.c.h; path = LTColors.h; sourceTree = "<group>"; };
		652FB96E1AD27FBA0082894E /* LTColors.m */ = {isa = PBXFileReference; fileEncoding = 4; lastKnownFileType = sourcecode.c.objc; path = LTColors.m; sourceTree = "<group>"; };
		65D1F06A1AC28B34006525D0 /* LuTu.app */ = {isa = PBXFileReference; explicitFileType = wrapper.application; includeInIndex = 0; path = LuTu.app; sourceTree = BUILT_PRODUCTS_DIR; };
		65D1F06E1AC28B34006525D0 /* Info.plist */ = {isa = PBXFileReference; lastKnownFileType = text.plist.xml; path = Info.plist; sourceTree = "<group>"; };
		65D1F06F1AC28B34006525D0 /* main.m */ = {isa = PBXFileReference; lastKnownFileType = sourcecode.c.objc; path = main.m; sourceTree = "<group>"; };
		65D1F0711AC28B34006525D0 /* AppDelegate.h */ = {isa = PBXFileReference; lastKnownFileType = sourcecode.c.h; path = AppDelegate.h; sourceTree = "<group>"; };
		65D1F0721AC28B34006525D0 /* AppDelegate.m */ = {isa = PBXFileReference; lastKnownFileType = sourcecode.c.objc; path = AppDelegate.m; sourceTree = "<group>"; };
		65D1F07A1AC28B34006525D0 /* Images.xcassets */ = {isa = PBXFileReference; lastKnownFileType = folder.assetcatalog; path = Images.xcassets; sourceTree = "<group>"; };
		65D1F07D1AC28B34006525D0 /* Base */ = {isa = PBXFileReference; lastKnownFileType = file.xib; name = Base; path = Base.lproj/LaunchScreen.xib; sourceTree = "<group>"; };
		65D1F0831AC28B34006525D0 /* LuTuTests.xctest */ = {isa = PBXFileReference; explicitFileType = wrapper.cfbundle; includeInIndex = 0; path = LuTuTests.xctest; sourceTree = BUILT_PRODUCTS_DIR; };
		65D1F0881AC28B34006525D0 /* Info.plist */ = {isa = PBXFileReference; lastKnownFileType = text.plist.xml; path = Info.plist; sourceTree = "<group>"; };
		65D1F0891AC28B34006525D0 /* LuTuTests.m */ = {isa = PBXFileReference; lastKnownFileType = sourcecode.c.objc; path = LuTuTests.m; sourceTree = "<group>"; };
		B31DE014AADD645AC513307D /* Pods-LuTu.release.xcconfig */ = {isa = PBXFileReference; includeInIndex = 1; lastKnownFileType = text.xcconfig; name = "Pods-LuTu.release.xcconfig"; path = "Pods/Target Support Files/Pods-LuTu/Pods-LuTu.release.xcconfig"; sourceTree = "<group>"; };
		DFA8AA5136737BE7B1D5383B /* Pods-LuTu.debug.xcconfig */ = {isa = PBXFileReference; includeInIndex = 1; lastKnownFileType = text.xcconfig; name = "Pods-LuTu.debug.xcconfig"; path = "Pods/Target Support Files/Pods-LuTu/Pods-LuTu.debug.xcconfig"; sourceTree = "<group>"; };
/* End PBXFileReference section */

/* Begin PBXFrameworksBuildPhase section */
		65D1F0671AC28B34006525D0 /* Frameworks */ = {
			isa = PBXFrameworksBuildPhase;
			buildActionMask = 2147483647;
			files = (
				652FB9601AD27B460082894E /* CoreData.framework in Frameworks */,
				652FB9111AD23DF50082894E /* libc++.dylib in Frameworks */,
				0B4C9A237264EFE02FF51C91 /* libPods-LuTu.a in Frameworks */,
			);
			runOnlyForDeploymentPostprocessing = 0;
		};
		65D1F0801AC28B34006525D0 /* Frameworks */ = {
			isa = PBXFrameworksBuildPhase;
			buildActionMask = 2147483647;
			files = (
			);
			runOnlyForDeploymentPostprocessing = 0;
		};
/* End PBXFrameworksBuildPhase section */

/* Begin PBXGroup section */
		652FB9121AD23EB60082894E /* base */ = {
			isa = PBXGroup;
			children = (
				652FB9131AD23EB60082894E /* MSRequest.h */,
				652FB9141AD23EB60082894E /* MSRequest.m */,
				652FB9151AD23EB60082894E /* MSRouter.h */,
				652FB9161AD23EB60082894E /* MSRouter.m */,
				652FB9171AD23EB60082894E /* MSToken.h */,
				652FB9181AD23EB60082894E /* MSToken.m */,
				652FB9191AD23EB60082894E /* MSTokenManager.h */,
				652FB91A1AD23EB60082894E /* MSTokenManager.m */,
				652FB91B1AD23EB60082894E /* MSVerifyAuthorRequest.h */,
				652FB91C1AD23EB60082894E /* MSVerifyAuthorRequest.m */,
			);
			path = base;
			sourceTree = "<group>";
		};
		652FB91D1AD23EB60082894E /* protocols */ = {
			isa = PBXGroup;
			children = (
				652FB9381AD246B50082894E /* LTTokenReq.h */,
				652FB9391AD246B50082894E /* LTTokenReq.m */,
				652FB93B1AD268CE0082894E /* LTCheckServiceReq.h */,
				652FB93C1AD268CE0082894E /* LTCheckServiceReq.m */,
				652FB9421AD26C870082894E /* MSRecommondRoadReq.h */,
				652FB9431AD26C870082894E /* MSRecommondRoadReq.m */,
			);
			path = protocols;
			sourceTree = "<group>";
		};
		652FB91E1AD23EB60082894E /* threads */ = {
			isa = PBXGroup;
			children = (
				652FB91F1AD23EB60082894E /* MSRequestOperation.h */,
				652FB9201AD23EB60082894E /* MSRequestOperation.m */,
				652FB9211AD23EB60082894E /* MSSyncCenter.h */,
				652FB9221AD23EB60082894E /* MSSyncCenter.m */,
			);
			path = threads;
			sourceTree = "<group>";
		};
		652FB92A1AD23EF50082894E /* Account */ = {
			isa = PBXGroup;
			children = (
				652FB92B1AD23EF50082894E /* MSAccount.h */,
				652FB92C1AD23EF50082894E /* MSAccount.m */,
				652FB92D1AD23EF50082894E /* MSAccountManager.h */,
				652FB92E1AD23EF50082894E /* MSAccountManager.m */,
			);
			path = Account;
			sourceTree = "<group>";
		};
		652FB9341AD240F40082894E /* errors */ = {
			isa = PBXGroup;
			children = (
				652FB9351AD241030082894E /* LTError.h */,
				652FB9361AD241030082894E /* LTError.m */,
			);
			path = errors;
			sourceTree = "<group>";
		};
		652FB93E1AD269D60082894E /* status */ = {
			isa = PBXGroup;
			children = (
				652FB93F1AD269E90082894E /* LTServiceStatusManager.h */,
				652FB9401AD269E90082894E /* LTServiceStatusManager.m */,
			);
			path = status;
			sourceTree = "<group>";
		};
		652FB9481AD276FB0082894E /* CarFriend */ = {
			isa = PBXGroup;
			children = (
				652FB9561AD277A50082894E /* LTCarMeetViewController.h */,
				652FB9571AD277A50082894E /* LTCarMeetViewController.m */,
			);
			path = CarFriend;
			sourceTree = "<group>";
		};
		652FB9491AD276FB0082894E /* Discover */ = {
			isa = PBXGroup;
			children = (
				652FB9531AD277750082894E /* LTDiscoverViewController.h */,
				652FB9541AD277750082894E /* LTDiscoverViewController.m */,
			);
			path = Discover;
			sourceTree = "<group>";
		};
		652FB94A1AD276FB0082894E /* Main */ = {
			isa = PBXGroup;
			children = (
				652FB94D1AD277500082894E /* LTMainViewController.h */,
				652FB94E1AD277500082894E /* LTMainViewController.m */,
			);
			path = Main;
			sourceTree = "<group>";
		};
		652FB94B1AD276FB0082894E /* Mine */ = {
			isa = PBXGroup;
			children = (
				652FB9501AD277650082894E /* LTMineViewController.h */,
				652FB9511AD277650082894E /* LTMineViewController.m */,
			);
			path = Mine;
			sourceTree = "<group>";
		};
		652FB94C1AD276FB0082894E /* Recommend */ = {
			isa = PBXGroup;
			children = (
				652FB9591AD277D40082894E /* LTSelectedRoadViewController.h */,
				652FB95A1AD277D40082894E /* LTSelectedRoadViewController.m */,
			);
			path = Recommend;
			sourceTree = "<group>";
		};
		652FB9611AD27E710082894E /* Auth */ = {
			isa = PBXGroup;
			children = (
				652FB9621AD27E860082894E /* LTAuthViewController.h */,
				652FB9631AD27E860082894E /* LTAuthViewController.m */,
			);
			path = Auth;
			sourceTree = "<group>";
		};
		652FB9651AD27ED90082894E /* Common */ = {
			isa = PBXGroup;
			children = (
				652FB9661AD27EE80082894E /* LTBackgroundImageView.h */,
				652FB9671AD27EE80082894E /* LTBackgroundImageView.m */,
			);
			path = Common;
			sourceTree = "<group>";
		};
		652FB9691AD27F950082894E /* Appearence */ = {
			isa = PBXGroup;
			children = (
				652FB96A1AD27FA60082894E /* LTAppearenceTools.h */,
				652FB96B1AD27FA60082894E /* LTAppearenceTools.m */,
				652FB96D1AD27FBA0082894E /* LTColors.h */,
				652FB96E1AD27FBA0082894E /* LTColors.m */,
			);
			path = Appearence;
			sourceTree = "<group>";
		};
		659D4B451AC3A232007C2DAF /* Classes */ = {
			isa = PBXGroup;
			children = (
				659D4B541AC3A293007C2DAF /* ThirdLib */,
				659D4B531AC3A283007C2DAF /* Auth */,
				659D4B461AC3A232007C2DAF /* Cache */,
				659D4B471AC3A232007C2DAF /* Configure */,
				659D4B481AC3A232007C2DAF /* LocalDatas */,
				659D4B491AC3A232007C2DAF /* Models */,
				659D4B4A1AC3A232007C2DAF /* Network */,
				659D4B4B1AC3A232007C2DAF /* UI */,
				659D4B501AC3A232007C2DAF /* Utilities */,
			);
			path = Classes;
			sourceTree = "<group>";
		};
		659D4B461AC3A232007C2DAF /* Cache */ = {
			isa = PBXGroup;
			children = (
			);
			path = Cache;
			sourceTree = "<group>";
		};
		659D4B471AC3A232007C2DAF /* Configure */ = {
			isa = PBXGroup;
			children = (
				652FB9691AD27F950082894E /* Appearence */,
			);
			path = Configure;
			sourceTree = "<group>";
		};
		659D4B481AC3A232007C2DAF /* LocalDatas */ = {
			isa = PBXGroup;
			children = (
				652FB95C1AD279EA0082894E /* LTDataBase.h */,
				652FB95D1AD279EA0082894E /* LTDataBase.m */,
			);
			path = LocalDatas;
			sourceTree = "<group>";
		};
		659D4B491AC3A232007C2DAF /* Models */ = {
			isa = PBXGroup;
			children = (
			);
			path = Models;
			sourceTree = "<group>";
		};
		659D4B4A1AC3A232007C2DAF /* Network */ = {
			isa = PBXGroup;
			children = (
				652FB93E1AD269D60082894E /* status */,
				652FB9121AD23EB60082894E /* base */,
				652FB91D1AD23EB60082894E /* protocols */,
				652FB91E1AD23EB60082894E /* threads */,
			);
			path = Network;
			sourceTree = "<group>";
		};
		659D4B4B1AC3A232007C2DAF /* UI */ = {
			isa = PBXGroup;
			children = (
				659D4B4C1AC3A232007C2DAF /* Controllers */,
				659D4B4F1AC3A232007C2DAF /* CustomUI */,
			);
			path = UI;
			sourceTree = "<group>";
		};
		659D4B4C1AC3A232007C2DAF /* Controllers */ = {
			isa = PBXGroup;
			children = (
				659D4B521AC3A266007C2DAF /* Navigations */,
				659D4B4D1AC3A232007C2DAF /* Business */,
				659D4B4E1AC3A232007C2DAF /* Custom */,
			);
			path = Controllers;
			sourceTree = "<group>";
		};
		659D4B4D1AC3A232007C2DAF /* Business */ = {
			isa = PBXGroup;
			children = (
				652FB9611AD27E710082894E /* Auth */,
				652FB9481AD276FB0082894E /* CarFriend */,
				652FB9491AD276FB0082894E /* Discover */,
				652FB94A1AD276FB0082894E /* Main */,
				652FB94B1AD276FB0082894E /* Mine */,
				652FB94C1AD276FB0082894E /* Recommend */,
			);
			path = Business;
			sourceTree = "<group>";
		};
		659D4B4E1AC3A232007C2DAF /* Custom */ = {
			isa = PBXGroup;
			children = (
			);
			path = Custom;
			sourceTree = "<group>";
		};
		659D4B4F1AC3A232007C2DAF /* CustomUI */ = {
			isa = PBXGroup;
			children = (
				652FB9651AD27ED90082894E /* Common */,
			);
			path = CustomUI;
			sourceTree = "<group>";
		};
		659D4B501AC3A232007C2DAF /* Utilities */ = {
			isa = PBXGroup;
			children = (
				652FB9341AD240F40082894E /* errors */,
				659D4B511AC3A232007C2DAF /* Globlas */,
			);
			path = Utilities;
			sourceTree = "<group>";
		};
		659D4B511AC3A232007C2DAF /* Globlas */ = {
			isa = PBXGroup;
			children = (
				652FB9311AD23F730082894E /* MSLog.h */,
				652FB9321AD23F730082894E /* MSLog.m */,
			);
			path = Globlas;
			sourceTree = "<group>";
		};
		659D4B521AC3A266007C2DAF /* Navigations */ = {
			isa = PBXGroup;
			children = (
				652FB9451AD276520082894E /* LTGlobalViewController.h */,
				652FB9461AD276520082894E /* LTGlobalViewController.m */,
			);
			path = Navigations;
			sourceTree = "<group>";
		};
		659D4B531AC3A283007C2DAF /* Auth */ = {
			isa = PBXGroup;
			children = (
				652FB92A1AD23EF50082894E /* Account */,
			);
			path = Auth;
			sourceTree = "<group>";
		};
		659D4B541AC3A293007C2DAF /* ThirdLib */ = {
			isa = PBXGroup;
			children = (
			);
			path = ThirdLib;
			sourceTree = "<group>";
		};
		65D1F0611AC28B34006525D0 = {
			isa = PBXGroup;
			children = (
				65D1F06C1AC28B34006525D0 /* LuTu */,
				65D1F0861AC28B34006525D0 /* LuTuTests */,
				65D1F06B1AC28B34006525D0 /* Products */,
				FB51F509D6B297E9997BB0C2 /* Pods */,
				EC9FC8B69BF65BF6E0F2FAAD /* Frameworks */,
			);
			sourceTree = "<group>";
		};
		65D1F06B1AC28B34006525D0 /* Products */ = {
			isa = PBXGroup;
			children = (
				65D1F06A1AC28B34006525D0 /* LuTu.app */,
				65D1F0831AC28B34006525D0 /* LuTuTests.xctest */,
			);
			name = Products;
			sourceTree = "<group>";
		};
		65D1F06C1AC28B34006525D0 /* LuTu */ = {
			isa = PBXGroup;
			children = (
				659D4B451AC3A232007C2DAF /* Classes */,
				65D1F0711AC28B34006525D0 /* AppDelegate.h */,
				65D1F0721AC28B34006525D0 /* AppDelegate.m */,
				65D1F07A1AC28B34006525D0 /* Images.xcassets */,
				65D1F07C1AC28B34006525D0 /* LaunchScreen.xib */,
				65D1F06D1AC28B34006525D0 /* Supporting Files */,
			);
			path = LuTu;
			sourceTree = "<group>";
		};
		65D1F06D1AC28B34006525D0 /* Supporting Files */ = {
			isa = PBXGroup;
			children = (
				65D1F06E1AC28B34006525D0 /* Info.plist */,
				65D1F06F1AC28B34006525D0 /* main.m */,
			);
			name = "Supporting Files";
			sourceTree = "<group>";
		};
		65D1F0861AC28B34006525D0 /* LuTuTests */ = {
			isa = PBXGroup;
			children = (
				65D1F0891AC28B34006525D0 /* LuTuTests.m */,
				65D1F0871AC28B34006525D0 /* Supporting Files */,
			);
			path = LuTuTests;
			sourceTree = "<group>";
		};
		65D1F0871AC28B34006525D0 /* Supporting Files */ = {
			isa = PBXGroup;
			children = (
				65D1F0881AC28B34006525D0 /* Info.plist */,
			);
			name = "Supporting Files";
			sourceTree = "<group>";
		};
		EC9FC8B69BF65BF6E0F2FAAD /* Frameworks */ = {
			isa = PBXGroup;
			children = (
				652FB95F1AD27B460082894E /* CoreData.framework */,
				652FB9101AD23DF50082894E /* libc++.dylib */,
				181D07AF18EA69C166263FAB /* libPods-LuTu.a */,
			);
			name = Frameworks;
			sourceTree = "<group>";
		};
		FB51F509D6B297E9997BB0C2 /* Pods */ = {
			isa = PBXGroup;
			children = (
				DFA8AA5136737BE7B1D5383B /* Pods-LuTu.debug.xcconfig */,
				B31DE014AADD645AC513307D /* Pods-LuTu.release.xcconfig */,
			);
			name = Pods;
			sourceTree = "<group>";
		};
/* End PBXGroup section */

/* Begin PBXNativeTarget section */
		65D1F0691AC28B34006525D0 /* LuTu */ = {
			isa = PBXNativeTarget;
			buildConfigurationList = 65D1F08D1AC28B34006525D0 /* Build configuration list for PBXNativeTarget "LuTu" */;
			buildPhases = (
				103CB03257DB2B4383DA6E44 /* Check Pods Manifest.lock */,
				65D1F0661AC28B34006525D0 /* Sources */,
				65D1F0671AC28B34006525D0 /* Frameworks */,
				65D1F0681AC28B34006525D0 /* Resources */,
				E42809E73D9CE7A0443EE49A /* Copy Pods Resources */,
			);
			buildRules = (
			);
			dependencies = (
			);
			name = LuTu;
			productName = LuTu;
			productReference = 65D1F06A1AC28B34006525D0 /* LuTu.app */;
			productType = "com.apple.product-type.application";
		};
		65D1F0821AC28B34006525D0 /* LuTuTests */ = {
			isa = PBXNativeTarget;
			buildConfigurationList = 65D1F0901AC28B34006525D0 /* Build configuration list for PBXNativeTarget "LuTuTests" */;
			buildPhases = (
				65D1F07F1AC28B34006525D0 /* Sources */,
				65D1F0801AC28B34006525D0 /* Frameworks */,
				65D1F0811AC28B34006525D0 /* Resources */,
			);
			buildRules = (
			);
			dependencies = (
				65D1F0851AC28B34006525D0 /* PBXTargetDependency */,
			);
			name = LuTuTests;
			productName = LuTuTests;
			productReference = 65D1F0831AC28B34006525D0 /* LuTuTests.xctest */;
			productType = "com.apple.product-type.bundle.unit-test";
		};
/* End PBXNativeTarget section */

/* Begin PBXProject section */
		65D1F0621AC28B34006525D0 /* Project object */ = {
			isa = PBXProject;
			attributes = {
				LastUpgradeCheck = 0620;
				ORGANIZATIONNAME = Road.Inc;
				TargetAttributes = {
					65D1F0691AC28B34006525D0 = {
						CreatedOnToolsVersion = 6.2;
					};
					65D1F0821AC28B34006525D0 = {
						CreatedOnToolsVersion = 6.2;
						TestTargetID = 65D1F0691AC28B34006525D0;
					};
				};
			};
			buildConfigurationList = 65D1F0651AC28B34006525D0 /* Build configuration list for PBXProject "LuTu" */;
			compatibilityVersion = "Xcode 3.2";
			developmentRegion = English;
			hasScannedForEncodings = 0;
			knownRegions = (
				en,
				Base,
			);
			mainGroup = 65D1F0611AC28B34006525D0;
			productRefGroup = 65D1F06B1AC28B34006525D0 /* Products */;
			projectDirPath = "";
			projectRoot = "";
			targets = (
				65D1F0691AC28B34006525D0 /* LuTu */,
				65D1F0821AC28B34006525D0 /* LuTuTests */,
			);
		};
/* End PBXProject section */

/* Begin PBXResourcesBuildPhase section */
		65D1F0681AC28B34006525D0 /* Resources */ = {
			isa = PBXResourcesBuildPhase;
			buildActionMask = 2147483647;
			files = (
				65D1F07E1AC28B34006525D0 /* LaunchScreen.xib in Resources */,
				65D1F07B1AC28B34006525D0 /* Images.xcassets in Resources */,
			);
			runOnlyForDeploymentPostprocessing = 0;
		};
		65D1F0811AC28B34006525D0 /* Resources */ = {
			isa = PBXResourcesBuildPhase;
			buildActionMask = 2147483647;
			files = (
			);
			runOnlyForDeploymentPostprocessing = 0;
		};
/* End PBXResourcesBuildPhase section */

/* Begin PBXShellScriptBuildPhase section */
		103CB03257DB2B4383DA6E44 /* Check Pods Manifest.lock */ = {
			isa = PBXShellScriptBuildPhase;
			buildActionMask = 2147483647;
			files = (
			);
			inputPaths = (
			);
			name = "Check Pods Manifest.lock";
			outputPaths = (
			);
			runOnlyForDeploymentPostprocessing = 0;
			shellPath = /bin/sh;
			shellScript = "diff \"${PODS_ROOT}/../Podfile.lock\" \"${PODS_ROOT}/Manifest.lock\" > /dev/null\nif [[ $? != 0 ]] ; then\n    cat << EOM\nerror: The sandbox is not in sync with the Podfile.lock. Run 'pod install' or update your CocoaPods installation.\nEOM\n    exit 1\nfi\n";
			showEnvVarsInLog = 0;
		};
		E42809E73D9CE7A0443EE49A /* Copy Pods Resources */ = {
			isa = PBXShellScriptBuildPhase;
			buildActionMask = 2147483647;
			files = (
			);
			inputPaths = (
			);
			name = "Copy Pods Resources";
			outputPaths = (
			);
			runOnlyForDeploymentPostprocessing = 0;
			shellPath = /bin/sh;
			shellScript = "\"${SRCROOT}/Pods/Target Support Files/Pods-LuTu/Pods-LuTu-resources.sh\"\n";
			showEnvVarsInLog = 0;
		};
/* End PBXShellScriptBuildPhase section */

/* Begin PBXSourcesBuildPhase section */
		65D1F0661AC28B34006525D0 /* Sources */ = {
			isa = PBXSourcesBuildPhase;
			buildActionMask = 2147483647;
			files = (
				652FB9241AD23EB60082894E /* MSRouter.m in Sources */,
				652FB9261AD23EB60082894E /* MSTokenManager.m in Sources */,
				652FB92F1AD23EF50082894E /* MSAccount.m in Sources */,
				652FB93A1AD246B50082894E /* LTTokenReq.m in Sources */,
				652FB9331AD23F730082894E /* MSLog.m in Sources */,
				652FB9441AD26C870082894E /* MSRecommondRoadReq.m in Sources */,
				652FB93D1AD268CE0082894E /* LTCheckServiceReq.m in Sources */,
				652FB96F1AD27FBA0082894E /* LTColors.m in Sources */,
				652FB95B1AD277D40082894E /* LTSelectedRoadViewController.m in Sources */,
				652FB9471AD276520082894E /* LTGlobalViewController.m in Sources */,
				652FB9281AD23EB60082894E /* MSRequestOperation.m in Sources */,
				652FB9251AD23EB60082894E /* MSToken.m in Sources */,
				652FB9271AD23EB60082894E /* MSVerifyAuthorRequest.m in Sources */,
				652FB9411AD269E90082894E /* LTServiceStatusManager.m in Sources */,
				652FB95E1AD279EA0082894E /* LTDataBase.m in Sources */,
				652FB9581AD277A50082894E /* LTCarMeetViewController.m in Sources */,
				652FB9551AD277750082894E /* LTDiscoverViewController.m in Sources */,
				652FB9681AD27EE80082894E /* LTBackgroundImageView.m in Sources */,
				652FB9521AD277650082894E /* LTMineViewController.m in Sources */,
				65D1F0731AC28B34006525D0 /* AppDelegate.m in Sources */,
				652FB9641AD27E860082894E /* LTAuthViewController.m in Sources */,
				652FB96C1AD27FA60082894E /* LTAppearenceTools.m in Sources */,
				65D1F0701AC28B34006525D0 /* main.m in Sources */,
				652FB9371AD241030082894E /* LTError.m in Sources */,
				652FB9301AD23EF50082894E /* MSAccountManager.m in Sources */,
				652FB94F1AD277500082894E /* LTMainViewController.m in Sources */,
				652FB9231AD23EB60082894E /* MSRequest.m in Sources */,
				652FB9291AD23EB60082894E /* MSSyncCenter.m in Sources */,
			);
			runOnlyForDeploymentPostprocessing = 0;
		};
		65D1F07F1AC28B34006525D0 /* Sources */ = {
			isa = PBXSourcesBuildPhase;
			buildActionMask = 2147483647;
			files = (
				65D1F08A1AC28B34006525D0 /* LuTuTests.m in Sources */,
			);
			runOnlyForDeploymentPostprocessing = 0;
		};
/* End PBXSourcesBuildPhase section */

/* Begin PBXTargetDependency section */
		65D1F0851AC28B34006525D0 /* PBXTargetDependency */ = {
			isa = PBXTargetDependency;
			target = 65D1F0691AC28B34006525D0 /* LuTu */;
			targetProxy = 65D1F0841AC28B34006525D0 /* PBXContainerItemProxy */;
		};
/* End PBXTargetDependency section */

/* Begin PBXVariantGroup section */
		65D1F07C1AC28B34006525D0 /* LaunchScreen.xib */ = {
			isa = PBXVariantGroup;
			children = (
				65D1F07D1AC28B34006525D0 /* Base */,
			);
			name = LaunchScreen.xib;
			sourceTree = "<group>";
		};
/* End PBXVariantGroup section */

/* Begin XCBuildConfiguration section */
		65D1F08B1AC28B34006525D0 /* Debug */ = {
			isa = XCBuildConfiguration;
			buildSettings = {
				ALWAYS_SEARCH_USER_PATHS = NO;
				CLANG_CXX_LANGUAGE_STANDARD = "gnu++0x";
				CLANG_CXX_LIBRARY = "libc++";
				CLANG_ENABLE_MODULES = YES;
				CLANG_ENABLE_OBJC_ARC = YES;
				CLANG_WARN_BOOL_CONVERSION = YES;
				CLANG_WARN_CONSTANT_CONVERSION = YES;
				CLANG_WARN_DIRECT_OBJC_ISA_USAGE = YES_ERROR;
				CLANG_WARN_EMPTY_BODY = YES;
				CLANG_WARN_ENUM_CONVERSION = YES;
				CLANG_WARN_INT_CONVERSION = YES;
				CLANG_WARN_OBJC_ROOT_CLASS = YES_ERROR;
				CLANG_WARN_UNREACHABLE_CODE = YES;
				CLANG_WARN__DUPLICATE_METHOD_MATCH = YES;
				"CODE_SIGN_IDENTITY[sdk=iphoneos*]" = "iPhone Developer";
				COPY_PHASE_STRIP = NO;
				ENABLE_STRICT_OBJC_MSGSEND = YES;
				GCC_C_LANGUAGE_STANDARD = gnu99;
				GCC_DYNAMIC_NO_PIC = NO;
				GCC_OPTIMIZATION_LEVEL = 0;
				GCC_PREPROCESSOR_DEFINITIONS = (
					"DEBUG=1",
					"$(inherited)",
				);
				GCC_SYMBOLS_PRIVATE_EXTERN = NO;
				GCC_WARN_64_TO_32_BIT_CONVERSION = YES;
				GCC_WARN_ABOUT_RETURN_TYPE = YES_ERROR;
				GCC_WARN_UNDECLARED_SELECTOR = YES;
				GCC_WARN_UNINITIALIZED_AUTOS = YES_AGGRESSIVE;
				GCC_WARN_UNUSED_FUNCTION = YES;
				GCC_WARN_UNUSED_VARIABLE = YES;
				IPHONEOS_DEPLOYMENT_TARGET = 8.2;
				MTL_ENABLE_DEBUG_INFO = YES;
				ONLY_ACTIVE_ARCH = YES;
				SDKROOT = iphoneos;
			};
			name = Debug;
		};
		65D1F08C1AC28B34006525D0 /* Release */ = {
			isa = XCBuildConfiguration;
			buildSettings = {
				ALWAYS_SEARCH_USER_PATHS = NO;
				CLANG_CXX_LANGUAGE_STANDARD = "gnu++0x";
				CLANG_CXX_LIBRARY = "libc++";
				CLANG_ENABLE_MODULES = YES;
				CLANG_ENABLE_OBJC_ARC = YES;
				CLANG_WARN_BOOL_CONVERSION = YES;
				CLANG_WARN_CONSTANT_CONVERSION = YES;
				CLANG_WARN_DIRECT_OBJC_ISA_USAGE = YES_ERROR;
				CLANG_WARN_EMPTY_BODY = YES;
				CLANG_WARN_ENUM_CONVERSION = YES;
				CLANG_WARN_INT_CONVERSION = YES;
				CLANG_WARN_OBJC_ROOT_CLASS = YES_ERROR;
				CLANG_WARN_UNREACHABLE_CODE = YES;
				CLANG_WARN__DUPLICATE_METHOD_MATCH = YES;
				"CODE_SIGN_IDENTITY[sdk=iphoneos*]" = "iPhone Developer";
				COPY_PHASE_STRIP = NO;
				ENABLE_NS_ASSERTIONS = NO;
				ENABLE_STRICT_OBJC_MSGSEND = YES;
				GCC_C_LANGUAGE_STANDARD = gnu99;
				GCC_WARN_64_TO_32_BIT_CONVERSION = YES;
				GCC_WARN_ABOUT_RETURN_TYPE = YES_ERROR;
				GCC_WARN_UNDECLARED_SELECTOR = YES;
				GCC_WARN_UNINITIALIZED_AUTOS = YES_AGGRESSIVE;
				GCC_WARN_UNUSED_FUNCTION = YES;
				GCC_WARN_UNUSED_VARIABLE = YES;
				IPHONEOS_DEPLOYMENT_TARGET = 8.2;
				MTL_ENABLE_DEBUG_INFO = NO;
				SDKROOT = iphoneos;
				VALIDATE_PRODUCT = YES;
			};
			name = Release;
		};
		65D1F08E1AC28B34006525D0 /* Debug */ = {
			isa = XCBuildConfiguration;
			baseConfigurationReference = DFA8AA5136737BE7B1D5383B /* Pods-LuTu.debug.xcconfig */;
			buildSettings = {
				ASSETCATALOG_COMPILER_APPICON_NAME = AppIcon;
				INFOPLIST_FILE = LuTu/Info.plist;
				LD_RUNPATH_SEARCH_PATHS = "$(inherited) @executable_path/Frameworks";
				PRODUCT_NAME = "$(TARGET_NAME)";
			};
			name = Debug;
		};
		65D1F08F1AC28B34006525D0 /* Release */ = {
			isa = XCBuildConfiguration;
			baseConfigurationReference = B31DE014AADD645AC513307D /* Pods-LuTu.release.xcconfig */;
			buildSettings = {
				ASSETCATALOG_COMPILER_APPICON_NAME = AppIcon;
				INFOPLIST_FILE = LuTu/Info.plist;
				LD_RUNPATH_SEARCH_PATHS = "$(inherited) @executable_path/Frameworks";
				PRODUCT_NAME = "$(TARGET_NAME)";
			};
			name = Release;
		};
		65D1F0911AC28B34006525D0 /* Debug */ = {
			isa = XCBuildConfiguration;
			buildSettings = {
				BUNDLE_LOADER = "$(TEST_HOST)";
				FRAMEWORK_SEARCH_PATHS = (
					"$(SDKROOT)/Developer/Library/Frameworks",
					"$(inherited)",
				);
				GCC_PREPROCESSOR_DEFINITIONS = (
					"DEBUG=1",
					"$(inherited)",
				);
				INFOPLIST_FILE = LuTuTests/Info.plist;
				LD_RUNPATH_SEARCH_PATHS = "$(inherited) @executable_path/Frameworks @loader_path/Frameworks";
				PRODUCT_NAME = "$(TARGET_NAME)";
				TEST_HOST = "$(BUILT_PRODUCTS_DIR)/LuTu.app/LuTu";
			};
			name = Debug;
		};
		65D1F0921AC28B34006525D0 /* Release */ = {
			isa = XCBuildConfiguration;
			buildSettings = {
				BUNDLE_LOADER = "$(TEST_HOST)";
				FRAMEWORK_SEARCH_PATHS = (
					"$(SDKROOT)/Developer/Library/Frameworks",
					"$(inherited)",
				);
				INFOPLIST_FILE = LuTuTests/Info.plist;
				LD_RUNPATH_SEARCH_PATHS = "$(inherited) @executable_path/Frameworks @loader_path/Frameworks";
				PRODUCT_NAME = "$(TARGET_NAME)";
				TEST_HOST = "$(BUILT_PRODUCTS_DIR)/LuTu.app/LuTu";
			};
			name = Release;
		};
/* End XCBuildConfiguration section */

/* Begin XCConfigurationList section */
		65D1F0651AC28B34006525D0 /* Build configuration list for PBXProject "LuTu" */ = {
			isa = XCConfigurationList;
			buildConfigurations = (
				65D1F08B1AC28B34006525D0 /* Debug */,
				65D1F08C1AC28B34006525D0 /* Release */,
			);
			defaultConfigurationIsVisible = 0;
			defaultConfigurationName = Release;
		};
		65D1F08D1AC28B34006525D0 /* Build configuration list for PBXNativeTarget "LuTu" */ = {
			isa = XCConfigurationList;
			buildConfigurations = (
				65D1F08E1AC28B34006525D0 /* Debug */,
				65D1F08F1AC28B34006525D0 /* Release */,
			);
			defaultConfigurationIsVisible = 0;
			defaultConfigurationName = Release;
		};
		65D1F0901AC28B34006525D0 /* Build configuration list for PBXNativeTarget "LuTuTests" */ = {
			isa = XCConfigurationList;
			buildConfigurations = (
				65D1F0911AC28B34006525D0 /* Debug */,
				65D1F0921AC28B34006525D0 /* Release */,
			);
			defaultConfigurationIsVisible = 0;
			defaultConfigurationName = Release;
		};
/* End XCConfigurationList section */
	};
	rootObject = 65D1F0621AC28B34006525D0 /* Project object */;
}
